
Microsoft Visual Studio Solution File, Format Version 12.00
# Visual Studio Version 16
VisualStudioVersion = 16.0.31105.61
MinimumVisualStudioVersion = 10.0.40219.1
Project("{9A19103F-16F7-4668-BE54-9A1E7A4F7556}") = "Hahn.ApplicationProcess.Web", "Hahn.ApplicationProcess.Application\Hahn.ApplicationProcess.Web.csproj", "{E65FBF41-F34E-4424-A158-7AFF55F4118F}"
EndProject
Project("{9A19103F-16F7-4668-BE54-9A1E7A4F7556}") = "Hahn.ApplicationProcess.February2021.Data", "Hahn.ApplicationProcess.February2021.Data\Hahn.ApplicationProcess.February2021.Data.csproj", "{AC760777-EDA8-4DF3-A9E2-A73B0CC77395}"
EndProject
Project("{9A19103F-16F7-4668-BE54-9A1E7A4F7556}") = "Hahn.ApplicationProcess.February2021.Domain", "Hahn.ApplicationProcess.February2021.Domain\Hahn.ApplicationProcess.February2021.Domain.csproj", "{45B2E03D-50B9-4D30-963A-2FC9ED3DC786}"
EndProject
Global
	GlobalSection(SolutionConfigurationPlatforms) = preSolution
		Debug|Any CPU = Debug|Any CPU
		Release|Any CPU = Release|Any CPU
	EndGlobalSection
	GlobalSection(ProjectConfigurationPlatforms) = postSolution
		{E65FBF41-F34E-4424-A158-7AFF55F4118F}.Debug|Any CPU.ActiveCfg = Debug|Any CPU
		{E65FBF41-F34E-4424-A158-7AFF55F4118F}.Debug|Any CPU.Build.0 = Debug|Any CPU
		{E65FBF41-F34E-4424-A158-7AFF55F4118F}.Release|Any CPU.ActiveCfg = Release|Any CPU
		{E65FBF41-F34E-4424-A158-7AFF55F4118F}.Release|Any CPU.Build.0 = Release|Any CPU
		{AC760777-EDA8-4DF3-A9E2-A73B0CC77395}.Debug|Any CPU.ActiveCfg = Debug|Any CPU
		{AC760777-EDA8-4DF3-A9E2-A73B0CC77395}.Debug|Any CPU.Build.0 = Debug|Any CPU
		{AC760777-EDA8-4DF3-A9E2-A73B0CC77395}.Release|Any CPU.ActiveCfg = Release|Any CPU
		{AC760777-EDA8-4DF3-A9E2-A73B0CC77395}.Release|Any CPU.Build.0 = Release|Any CPU
		{45B2E03D-50B9-4D30-963A-2FC9ED3DC786}.Debug|Any CPU.ActiveCfg = Debug|Any CPU
		{45B2E03D-50B9-4D30-963A-2FC9ED3DC786}.Debug|Any CPU.Build.0 = Debug|Any CPU
		{45B2E03D-50B9-4D30-963A-2FC9ED3DC786}.Release|Any CPU.ActiveCfg = Release|Any CPU
		{45B2E03D-50B9-4D30-963A-2FC9ED3DC786}.Release|Any CPU.Build.0 = Release|Any CPU
	EndGlobalSection
	GlobalSection(SolutionProperties) = preSolution
		HideSolutionNode = FALSE
	EndGlobalSection
	GlobalSection(ExtensibilityGlobals) = postSolution
		SolutionGuid = {2AE1EF01-1D2A-4B97-9B0E-5753C904A3D9}
	EndGlobalSection
EndGlobal
